
Microsoft Visual Studio Solution File, Format Version 12.00
# Visual Studio Version 17
VisualStudioVersion = 17.5.002.0
MinimumVisualStudioVersion = 10.0.40219.1
Project("{9A19103F-16F7-4668-BE54-9A1E7A4F7556}") = "Web", "Web\Web.csproj", "{DAFF6BB5-94D5-45EC-B7B5-DA5715B84E07}"
EndProject
Global
	GlobalSection(SolutionConfigurationPlatforms) = preSolution
		Debug|Any CPU = Debug|Any CPU
		Release|Any CPU = Release|Any CPU
	EndGlobalSection
	GlobalSection(ProjectConfigurationPlatforms) = postSolution
		{DAFF6BB5-94D5-45EC-B7B5-DA5715B84E07}.Debug|Any CPU.ActiveCfg = Debug|Any CPU
		{DAFF6BB5-94D5-45EC-B7B5-DA5715B84E07}.Debug|Any CPU.Build.0 = Debug|Any CPU
		{DAFF6BB5-94D5-45EC-B7B5-DA5715B84E07}.Release|Any CPU.ActiveCfg = Release|Any CPU
		{DAFF6BB5-94D5-45EC-B7B5-DA5715B84E07}.Release|Any CPU.Build.0 = Release|Any CPU
	EndGlobalSection
	GlobalSection(SolutionProperties) = preSolution
		HideSolutionNode = FALSE
	EndGlobalSection
	GlobalSection(ExtensibilityGlobals) = postSolution
		SolutionGuid = {DCD21614-6EC0-46C6-A3CB-F75169A13D67}
	EndGlobalSection
EndGlobal
